
Microsoft Visual Studio Solution File, Format Version 12.00
# Visual Studio Version 17
VisualStudioVersion = 17.5.33627.172
MinimumVisualStudioVersion = 10.0.40219.1
Project("{FAE04EC0-301F-11D3-BF4B-00C04F79EFBC}") = "BlazorBootstrapMasonry.Server", "BlazorBootstrapMasonry\Server\BlazorBootstrapMasonry.Server.csproj", "{02E036A2-3F3E-419D-B7EB-2D2411146750}"
EndProject
Project("{FAE04EC0-301F-11D3-BF4B-00C04F79EFBC}") = "BlazorBootstrapMasonry.Client", "BlazorBootstrapMasonry\Client\BlazorBootstrapMasonry.Client.csproj", "{DFF89DD2-FF9F-432B-9841-1AF6F257ED4D}"
EndProject
Project("{FAE04EC0-301F-11D3-BF4B-00C04F79EFBC}") = "BlazorBootstrapMasonry.Shared", "BlazorBootstrapMasonry\Shared\BlazorBootstrapMasonry.Shared.csproj", "{F5DFF39E-DB61-468D-B598-8B3501DE053C}"
EndProject
Project("{2150E333-8FDC-42A3-9474-1A3956D46DE8}") = "솔루션 항목", "솔루션 항목", "{2FCA41F2-23E9-4D86-8826-8E559981CE26}"
	ProjectSection(SolutionItems) = preProject
		.gitattributes = .gitattributes
		.gitignore = .gitignore
		README.md = README.md
	EndProjectSection
EndProject
Global
	GlobalSection(SolutionConfigurationPlatforms) = preSolution
		Debug|Any CPU = Debug|Any CPU
		Release|Any CPU = Release|Any CPU
	EndGlobalSection
	GlobalSection(ProjectConfigurationPlatforms) = postSolution
		{02E036A2-3F3E-419D-B7EB-2D2411146750}.Debug|Any CPU.ActiveCfg = Debug|Any CPU
		{02E036A2-3F3E-419D-B7EB-2D2411146750}.Debug|Any CPU.Build.0 = Debug|Any CPU
		{02E036A2-3F3E-419D-B7EB-2D2411146750}.Release|Any CPU.ActiveCfg = Release|Any CPU
		{02E036A2-3F3E-419D-B7EB-2D2411146750}.Release|Any CPU.Build.0 = Release|Any CPU
		{DFF89DD2-FF9F-432B-9841-1AF6F257ED4D}.Debug|Any CPU.ActiveCfg = Debug|Any CPU
		{DFF89DD2-FF9F-432B-9841-1AF6F257ED4D}.Debug|Any CPU.Build.0 = Debug|Any CPU
		{DFF89DD2-FF9F-432B-9841-1AF6F257ED4D}.Release|Any CPU.ActiveCfg = Release|Any CPU
		{DFF89DD2-FF9F-432B-9841-1AF6F257ED4D}.Release|Any CPU.Build.0 = Release|Any CPU
		{F5DFF39E-DB61-468D-B598-8B3501DE053C}.Debug|Any CPU.ActiveCfg = Debug|Any CPU
		{F5DFF39E-DB61-468D-B598-8B3501DE053C}.Debug|Any CPU.Build.0 = Debug|Any CPU
		{F5DFF39E-DB61-468D-B598-8B3501DE053C}.Release|Any CPU.ActiveCfg = Release|Any CPU
		{F5DFF39E-DB61-468D-B598-8B3501DE053C}.Release|Any CPU.Build.0 = Release|Any CPU
	EndGlobalSection
	GlobalSection(SolutionProperties) = preSolution
		HideSolutionNode = FALSE
	EndGlobalSection
	GlobalSection(ExtensibilityGlobals) = postSolution
		SolutionGuid = {DB26FA9B-3D7B-4510-A915-C098912CA2CC}
	EndGlobalSection
EndGlobal
